hash: a2d46fbdbb34d929eeadcc70960e2da5ea49cbebb890ffa234fe4a7a1147ebc6
updated: 2017-10-28T23:31:16.940494436Z
imports:
- name: github.com/agl/ed25519
  version: 5312a61534124124185d41f09206b9fef1d88403
  subpackages:
  - edwards25519
- name: github.com/Azure/go-ansiterm
  version: d6e3b3328b783f23731bc4d058875b0371ff8109
  subpackages:
  - winterm
- name: github.com/boltdb/bolt
  version: fa5367d20c994db73282594be0146ab221657943
- name: github.com/dgrijalva/jwt-go
  version: dbeaa9332f19a944acb5736b4456cfcc02140e29
- name: github.com/docker/cli
  version: 3352c0e137e80b7e10fb0efc9812df7bca9497a2
  subpackages:
  - cli
  - cli/command
  - cli/command/image/build
  - cli/config
  - cli/config/configfile
  - cli/config/credentials
  - cli/flags
  - cli/trust
  - opts
- name: github.com/docker/distribution
  version: 7484e51bf6af0d3b1a849644cdaced3cfcf13617
  subpackages:
  - digestset
  - reference
  - registry/api/errcode
  - registry/api/v2
  - registry/client
  - registry/client/auth
  - registry/client/auth/challenge
  - registry/client/transport
  - registry/storage/cache
  - registry/storage/cache/memory
  - uuid
- name: github.com/docker/docker
  version: 184cea5ff710abde25547749e5608b24a255ba09
  subpackages:
  - api
  - api/types
  - api/types/blkiodev
  - api/types/container
  - api/types/events
  - api/types/filters
  - api/types/image
  - api/types/mount
  - api/types/network
  - api/types/registry
  - api/types/strslice
  - api/types/swarm
  - api/types/swarm/runtime
  - api/types/time
  - api/types/versions
  - api/types/volume
  - builder/dockerignore
  - builder/remotecontext/git
  - client
  - pkg/archive
  - pkg/fileutils
  - pkg/homedir
  - pkg/idtools
  - pkg/ioutils
  - pkg/jsonlog
  - pkg/jsonmessage
  - pkg/longpath
  - pkg/mount
  - pkg/pools
  - pkg/progress
  - pkg/promise
  - pkg/streamformatter
  - pkg/stringid
  - pkg/symlink
  - pkg/system
  - pkg/tarsum
  - pkg/term
  - pkg/term/windows
  - pkg/tlsconfig
  - pkg/urlutil
  - registry
  - registry/resumable
- name: github.com/docker/docker-credential-helpers
  version: d68f9aeca33f5fd3f08eeae5e9d175edf4e731d1
  subpackages:
  - client
  - credentials
  - pass
- name: github.com/docker/go
  version: d30aec9fd63c35133f8f79c3412ad91a3b08be06
  subpackages:
  - canonical/json
- name: github.com/docker/go-connections
  version: 3ede32e2033de7505e6500d6c868c2b9ed9f169d
  subpackages:
  - nat
  - sockets
  - tlsconfig
- name: github.com/docker/go-units
  version: 0dadbb0345b35ec7ef35e228dabb8de89a65bf52
- name: github.com/docker/libtrust
  version: aabc10ec26b754e797f9028f4589c5b7bd90dc20
- name: github.com/docker/notary
  version: fab4c6708bc200c4cfe56c74f902d6e8bb26c803
  subpackages:
  - client
  - client/changelist
  - cryptoservice
  - passphrase
  - storage
  - trustmanager
  - trustmanager/yubikey
  - trustpinning
  - tuf
  - tuf/data
  - tuf/signed
  - tuf/utils
  - tuf/validation
- name: github.com/go-playground/locales
  version: e4cbcb5d0652150d40ad0646651076b6bd2be4f6
  subpackages:
  - currency
  - en
- name: github.com/go-playground/universal-translator
  version: 71201497bace774495daed26a3874fd339e0b538
- name: github.com/gogo/protobuf
  version: 117892bf1866fbaa2318c03e50e40564c8845457
  subpackages:
  - proto
- name: github.com/gorilla/context
  version: 08b5f424b9271eedf6f9f0ce86cb9396ed337a42
- name: github.com/gorilla/mux
  version: 24fca303ac6da784b9e8269f724ddeb0b2eea5e7
- name: github.com/gorilla/websocket
  version: ea4d1f681babbce9545c9c5f3d5194a789c89f5b
- name: github.com/gosimple/slug
  version: e9f42fa127660e552d0ad2b589868d403a9be7c6
- name: github.com/inconshreveable/mousetrap
  version: 76626ae9c91c4f2a10f34cad8ce83ea42c93bb75
- name: github.com/jbenet/go-context
  version: d14ea06fba99483203c19d92cfcd13ebe73135f4
  subpackages:
  - io
- name: github.com/Microsoft/go-winio
  version: 78439966b38d69bf38227fbf57ac8a6fee70f69a
- name: github.com/miekg/pkcs11
  version: b0a4dd3f1df2065883a1a0a9045fb893319d3c67
- name: github.com/mitchellh/go-homedir
  version: b8bc1bf767474819792c23f32d8286a45736f1c6
- name: github.com/Nvveen/Gotty
  version: cd527374f1e5bff4938207604a14f2e38a9cf512
- name: github.com/opencontainers/go-digest
  version: 279bed98673dd5bef374d3b6e4b09e2af76183bf
- name: github.com/opencontainers/image-spec
  version: 7c889fafd04a893f5c5f50b7ab9963d5d64e5242
  subpackages:
  - specs-go
  - specs-go/v1
- name: github.com/opencontainers/runc
  version: 74a17296470088de3805e138d3d87c62e613dfc4
  subpackages:
  - libcontainer/system
  - libcontainer/user
- name: github.com/pkg/errors
  version: f15c970de5b76fac0b59abb32d62c17cc7bed265
- name: github.com/rainycape/unidecode
  version: cb7f23ec59bec0d61b19c56cd88cee3d0cc1870c
- name: github.com/rs/cors
  version: 8dd4211afb5d08dbb39a533b9bb9e4b486351df6
- name: github.com/satori/go.uuid
  version: 879c5887cd475cd7864858769793b2ceb0d44feb
- name: github.com/sergi/go-diff
  version: feef008d51ad2b3778f85d387ccf91735543008d
  subpackages:
  - diffmatchpatch
- name: github.com/sirupsen/logrus
  version: 89742aefa4b206dcf400792f3bd35b542998eb3b
- name: github.com/spf13/cobra
  version: 7b2c5ac9fc04fc5efafb60700713d4fa609b777b
- name: github.com/spf13/pflag
  version: 97afa5e7ca8a08a383cb259e06636b5e2cc7897f
- name: github.com/src-d/gcfg
  version: f187355171c936ac84a82793659ebb4936bc1c23
  subpackages:
  - scanner
  - token
  - types
- name: github.com/unrolled/render
  version: 32bf1ea2a39e4e796d9040b5cf235258cee978c1
- name: github.com/urfave/negroni
  version: fde5e16d32adc7ad637e9cd9ad21d4ebc6192535
- name: github.com/xanzy/ssh-agent
  version: ba9c9e33906f58169366275e3450db66139a31a9
- name: golang.org/x/crypto
  version: 2509b142fb2b797aa7587dad548f113b2c0f20ce
  subpackages:
  - bcrypt
  - blowfish
  - curve25519
  - ed25519
  - ed25519/internal/edwards25519
  - pbkdf2
  - ssh
  - ssh/agent
  - ssh/knownhosts
  - ssh/terminal
- name: golang.org/x/net
  version: c73622c77280266305273cb545f54516ced95b93
  subpackages:
  - context
  - context/ctxhttp
  - proxy
- name: golang.org/x/sys
  version: 661970f62f5897bc0cd5fdca7e087ba8a98a8fa1
  subpackages:
  - unix
  - windows
- name: golang.org/x/text
  version: 6eab0e8f74e86c598ec3b6fad4888e0c11482d48
  subpackages:
  - transform
  - unicode/norm
- name: golang.org/x/time
  version: 6dc17368e09b0e8634d71cac8168d853e869a0c7
  subpackages:
  - rate
- name: gopkg.in/go-playground/validator.v9
  version: 1304298bf10d085adec514b076772a79c9cadb6b
  subpackages:
  - translations/en
- name: gopkg.in/src-d/go-billy.v3
  version: c329b7bc7b9d24905d2bc1b85bfa29f7ae266314
  subpackages:
  - helper/chroot
  - helper/polyfill
  - osfs
  - util
- name: gopkg.in/src-d/go-git.v4
  version: f9879dd043f84936a1f8acb8a53b74332a7ae135
  subpackages:
  - config
  - internal/revision
  - plumbing
  - plumbing/cache
  - plumbing/filemode
  - plumbing/format/config
  - plumbing/format/diff
  - plumbing/format/gitignore
  - plumbing/format/idxfile
  - plumbing/format/index
  - plumbing/format/objfile
  - plumbing/format/packfile
  - plumbing/format/pktline
  - plumbing/object
  - plumbing/protocol/packp
  - plumbing/protocol/packp/capability
  - plumbing/protocol/packp/sideband
  - plumbing/revlist
  - plumbing/storer
  - plumbing/transport
  - plumbing/transport/client
  - plumbing/transport/file
  - plumbing/transport/git
  - plumbing/transport/http
  - plumbing/transport/internal/common
  - plumbing/transport/server
  - plumbing/transport/ssh
  - storage
  - storage/filesystem
  - storage/filesystem/internal/dotgit
  - storage/memory
  - utils/binary
  - utils/diff
  - utils/ioutil
  - utils/merkletrie
  - utils/merkletrie/filesystem
  - utils/merkletrie/index
  - utils/merkletrie/internal/frame
  - utils/merkletrie/noder
- name: gopkg.in/warnings.v0
  version: 8a331561fe74dadba6edfc59f3be66c22c3b065d
- name: gopkg.in/yaml.v2
  version: eb3733d160e74a9c7e442f435eb3bea458e1d19f
testImports:
- name: github.com/davecgh/go-spew
  version: ecdeabc65495df2dec95d7c4a4c3e021903035e5
  subpackages:
  - spew
- name: github.com/pmezard/go-difflib
  version: 792786c7400a136282c1664665ae0a8db921c6c2
  subpackages:
  - difflib
- name: github.com/stretchr/testify
  version: 2aa2c176b9dab406a6970f6a55f513e8a8c8b18f
  subpackages:
  - assert
