hash: f4b17f5aa98eae2c917df450992b73579d0204093bded6826e3c906f02d92a4c
updated: 2017-09-09T00:24:32.449392117+01:00
imports:
- name: github.com/docker/docker
  version: 90d35abf7b3535c1c319c872900fbd76374e521c
  subpackages:
  - client
  - pkg/tlsconfig
- name: github.com/velocity-ci/velocity
  version: 91a5b1815df93272b97eb8fb634b09b39a9dbd16
  subpackages:
  - master/velocity/domain
  - master/velocity/domain/project/task
- name: github.com/VJftw/velocity
  version: c42b010deb3f2ef9cb174a3bff6975f15ac48b7b
  subpackages:
  - master/velocity/domain
  - master/velocity/domain/project/task/step
- name: golang.org/x/crypto
  version: 81e90905daefcd6fd217b62423c0908922eadb30
  subpackages:
  - bcrypt
  - blowfish
- name: gopkg.in/yaml.v2
  version: eb3733d160e74a9c7e442f435eb3bea458e1d19f
testImports: []
